{
  "object": {
    "pins": [
      {
        "package": "async-kit",
        "repositoryURL": "https://github.com/vapor/async-kit.git",
        "state": {
          "branch": null,
          "revision": "e2f741640364c1d271405da637029ea6a33f754e",
          "version": "1.11.1"
        }
      },
      {
        "package": "CodableURL",
        "repositoryURL": "https://github.com/kateinoigakukun/CodableURL.git",
        "state": {
          "branch": null,
          "revision": "801e2129140d484ca1420398cf481e6ea7c50d65",
          "version": "0.3.1"
        }
      },
      {
        "package": "fluent-kit",
        "repositoryURL": "https://github.com/vapor/fluent-kit.git",
        "state": {
          "branch": null,
          "revision": "d5273e8d050c51dd7e1d3a4dab08fe32ec9ffffa",
          "version": "1.20.0"
        }
      },
      {
        "package": "fluent-mysql-driver",
        "repositoryURL": "https://github.com/vapor/fluent-mysql-driver.git",
        "state": {
          "branch": null,
          "revision": "f86bf9c80a1c176234a16796c19add399a266c38",
          "version": "4.0.2"
        }
      },
      {
        "package": "mysql-kit",
        "repositoryURL": "https://github.com/vapor/mysql-kit.git",
        "state": {
          "branch": null,
          "revision": "f54e0876fce2d68551be0e704b3a94f78eedb9f8",
          "version": "4.5.0"
        }
      },
      {
        "package": "mysql-nio",
        "repositoryURL": "https://github.com/vapor/mysql-nio.git",
        "state": {
          "branch": null,
          "revision": "f0e8ad7e18e870e8665311d70bf3f01dcd6024a8",
          "version": "1.4.0"
        }
      },
      {
        "package": "sql-kit",
        "repositoryURL": "https://github.com/vapor/sql-kit.git",
        "state": {
          "branch": null,
          "revision": "9cc30f8cef132e91a07e36005612b37f918731fc",
          "version": "3.16.0"
        }
      },
      {
        "package": "StubKit",
        "repositoryURL": "https://github.com/kateinoigakukun/StubKit.git",
        "state": {
          "branch": null,
          "revision": "6d3c5d8dec873b8b0c4e4ae5832cb91218b8f858",
          "version": "0.1.7"
        }
      },
      {
        "package": "swift-crypto",
        "repositoryURL": "https://github.com/apple/swift-crypto.git",
        "state": {
          "branch": null,
          "revision": "a8911e0fadc25aef1071d582355bd1037a176060",
          "version": "2.0.4"
        }
      },
      {
        "package": "swift-log",
        "repositoryURL": "https://github.com/apple/swift-log.git",
        "state": {
          "branch": null,
          "revision": "5d66f7ba25daf4f94100e7022febf3c75e37a6c7",
          "version": "1.4.2"
        }
      },
      {
        "package": "swift-nio",
        "repositoryURL": "https://github.com/apple/swift-nio.git",
        "state": {
          "branch": null,
          "revision": "154f1d32366449dcccf6375a173adf4ed2a74429",
          "version": "2.38.0"
        }
      },
      {
        "package": "swift-nio-ssl",
        "repositoryURL": "https://github.com/apple/swift-nio-ssl.git",
        "state": {
          "branch": null,
          "revision": "52a486ff6de9bc3e26bf634c5413c41c5fa89ca5",
          "version": "2.17.2"
        }
      }
    ]
  },
  "version": 1
}
